{
  "name": "munomic",
  "version": "1.0.0",
  "lockfileVersion": 2,
  "requires": true,
  "packages": {
    "": {
      "name": "munomic",
      "version": "1.0.0",
      "license": "MIT",
      "dependencies": {
        "webwebweb": "^1.4.11"
      }
    },
    "node_modules/webwebweb": {
      "version": "1.4.11",
      "resolved": "https://registry.npmjs.org/webwebweb/-/webwebweb-1.4.11.tgz",
      "integrity": "sha512-yPKuDQ4jDPztckhUhnly7yvEqVpuSJSUeqTx5/Vu+dgoN3evjk25pvkBkEDIlq1/vLtlw5+GO8RhwyQeJpxxcg=="
    }
  },
  "dependencies": {
    "webwebweb": {
      "version": "1.4.11",
      "resolved": "https://registry.npmjs.org/webwebweb/-/webwebweb-1.4.11.tgz",
      "integrity": "sha512-yPKuDQ4jDPztckhUhnly7yvEqVpuSJSUeqTx5/Vu+dgoN3evjk25pvkBkEDIlq1/vLtlw5+GO8RhwyQeJpxxcg=="
    }
  }
}
